
Microsoft Visual Studio Solution File, Format Version 12.00
# Visual Studio Version 16
VisualStudioVersion = 16.0.30503.244
MinimumVisualStudioVersion = 10.0.40219.1
Project("{9A19103F-16F7-4668-BE54-9A1E7A4F7556}") = "TeamRedBlazor.Client.Server", "TeamRedBlazor.Client.Server.csproj", "{E2CC2BDD-C683-4CF2-B2CE-FF0BBE4953EB}"
EndProject
Project("{9A19103F-16F7-4668-BE54-9A1E7A4F7556}") = "IdentityProvider.Server", "..\IdentityProvider.Server\IdentityProvider.Server.csproj", "{DB7F3B66-92B9-4332-B20E-400C76D50952}"
EndProject
Global
	GlobalSection(SolutionConfigurationPlatforms) = preSolution
		Debug|Any CPU = Debug|Any CPU
		Release|Any CPU = Release|Any CPU
	EndGlobalSection
	GlobalSection(ProjectConfigurationPlatforms) = postSolution
		{E2CC2BDD-C683-4CF2-B2CE-FF0BBE4953EB}.Debug|Any CPU.ActiveCfg = Debug|Any CPU
		{E2CC2BDD-C683-4CF2-B2CE-FF0BBE4953EB}.Debug|Any CPU.Build.0 = Debug|Any CPU
		{E2CC2BDD-C683-4CF2-B2CE-FF0BBE4953EB}.Release|Any CPU.ActiveCfg = Release|Any CPU
		{E2CC2BDD-C683-4CF2-B2CE-FF0BBE4953EB}.Release|Any CPU.Build.0 = Release|Any CPU
		{DB7F3B66-92B9-4332-B20E-400C76D50952}.Debug|Any CPU.ActiveCfg = Debug|Any CPU
		{DB7F3B66-92B9-4332-B20E-400C76D50952}.Debug|Any CPU.Build.0 = Debug|Any CPU
		{DB7F3B66-92B9-4332-B20E-400C76D50952}.Release|Any CPU.ActiveCfg = Release|Any CPU
		{DB7F3B66-92B9-4332-B20E-400C76D50952}.Release|Any CPU.Build.0 = Release|Any CPU
	EndGlobalSection
	GlobalSection(SolutionProperties) = preSolution
		HideSolutionNode = FALSE
	EndGlobalSection
	GlobalSection(ExtensibilityGlobals) = postSolution
		SolutionGuid = {04B1EFAF-5AAD-4399-955F-631916486220}
	EndGlobalSection
EndGlobal
