
Microsoft Visual Studio Solution File, Format Version 12.00
# Visual Studio Version 16
VisualStudioVersion = 16.0.30503.244
MinimumVisualStudioVersion = 10.0.40219.1
Project("{9A19103F-16F7-4668-BE54-9A1E7A4F7556}") = "TeamRedBlazor.Client.Server", "TeamRedBlazor.Client.Server.csproj", "{DA3EC88A-E7A7-4531-9427-46E8BC3453D1}"
EndProject
Project("{9A19103F-16F7-4668-BE54-9A1E7A4F7556}") = "IdentityProvider.Server", "..\IdentityProvider.Server\IdentityProvider.Server.csproj", "{34502811-9174-4BD2-AEFC-1DE643294013}"
EndProject
Global
	GlobalSection(SolutionConfigurationPlatforms) = preSolution
		Debug|Any CPU = Debug|Any CPU
		Release|Any CPU = Release|Any CPU
	EndGlobalSection
	GlobalSection(ProjectConfigurationPlatforms) = postSolution
		{DA3EC88A-E7A7-4531-9427-46E8BC3453D1}.Debug|Any CPU.ActiveCfg = Debug|Any CPU
		{DA3EC88A-E7A7-4531-9427-46E8BC3453D1}.Debug|Any CPU.Build.0 = Debug|Any CPU
		{DA3EC88A-E7A7-4531-9427-46E8BC3453D1}.Release|Any CPU.ActiveCfg = Release|Any CPU
		{DA3EC88A-E7A7-4531-9427-46E8BC3453D1}.Release|Any CPU.Build.0 = Release|Any CPU
		{34502811-9174-4BD2-AEFC-1DE643294013}.Debug|Any CPU.ActiveCfg = Debug|Any CPU
		{34502811-9174-4BD2-AEFC-1DE643294013}.Debug|Any CPU.Build.0 = Debug|Any CPU
		{34502811-9174-4BD2-AEFC-1DE643294013}.Release|Any CPU.ActiveCfg = Release|Any CPU
		{34502811-9174-4BD2-AEFC-1DE643294013}.Release|Any CPU.Build.0 = Release|Any CPU
	EndGlobalSection
	GlobalSection(SolutionProperties) = preSolution
		HideSolutionNode = FALSE
	EndGlobalSection
	GlobalSection(ExtensibilityGlobals) = postSolution
		SolutionGuid = {BB632C54-7B0C-4195-AD91-18093FCE1DE8}
	EndGlobalSection
EndGlobal
